
Microsoft Visual Studio Solution File, Format Version 12.00
Project("{FAE04EC0-301F-11D3-BF4B-00C04F79EFBC}") = "main", "main\main.csproj", "{036D40FC-1F50-4DDC-91C0-30597E8AFA75}"
EndProject
Global
	GlobalSection(SolutionConfigurationPlatforms) = preSolution
		Debug|Any CPU = Debug|Any CPU
		Release|Any CPU = Release|Any CPU
	EndGlobalSection
	GlobalSection(ProjectConfigurationPlatforms) = postSolution
		{036D40FC-1F50-4DDC-91C0-30597E8AFA75}.Debug|Any CPU.ActiveCfg = Debug|Any CPU
		{036D40FC-1F50-4DDC-91C0-30597E8AFA75}.Debug|Any CPU.Build.0 = Debug|Any CPU
		{036D40FC-1F50-4DDC-91C0-30597E8AFA75}.Release|Any CPU.ActiveCfg = Release|Any CPU
		{036D40FC-1F50-4DDC-91C0-30597E8AFA75}.Release|Any CPU.Build.0 = Release|Any CPU
	EndGlobalSection
EndGlobal
